
Microsoft Visual Studio Solution File, Format Version 12.00
# Visual Studio Version 17
VisualStudioVersion = 17.8.34316.72
MinimumVisualStudioVersion = 10.0.40219.1
Project("{FAE04EC0-301F-11D3-BF4B-00C04F79EFBC}") = "ConsumeRESTfulAPI", "ConsumeRESTfulAPI\ConsumeRESTfulAPI.csproj", "{119CB6BE-E236-4088-9B9E-92B00F529540}"
EndProject
Global
	GlobalSection(SolutionConfigurationPlatforms) = preSolution
		Debug|Any CPU = Debug|Any CPU
		Release|Any CPU = Release|Any CPU
	EndGlobalSection
	GlobalSection(ProjectConfigurationPlatforms) = postSolution
		{119CB6BE-E236-4088-9B9E-92B00F529540}.Debug|Any CPU.ActiveCfg = Debug|Any CPU
		{119CB6BE-E236-4088-9B9E-92B00F529540}.Debug|Any CPU.Build.0 = Debug|Any CPU
		{119CB6BE-E236-4088-9B9E-92B00F529540}.Release|Any CPU.ActiveCfg = Release|Any CPU
		{119CB6BE-E236-4088-9B9E-92B00F529540}.Release|Any CPU.Build.0 = Release|Any CPU
	EndGlobalSection
	GlobalSection(SolutionProperties) = preSolution
		HideSolutionNode = FALSE
	EndGlobalSection
	GlobalSection(ExtensibilityGlobals) = postSolution
		SolutionGuid = {AD3166F4-CC96-48B7-B59A-8A125B26429A}
	EndGlobalSection
EndGlobal
